
Microsoft Visual Studio Solution File, Format Version 12.00
# Visual Studio 15
VisualStudioVersion = 15.0.28307.329
MinimumVisualStudioVersion = 10.0.40219.1
Project("{FAE04EC0-301F-11D3-BF4B-00C04F79EFBC}") = "QuanLyTraSua", "QuanLyTraSua\QuanLyTraSua.csproj", "{331DF94C-B3DA-467F-A2AB-B088F15863C8}"
EndProject
Global
	GlobalSection(SolutionConfigurationPlatforms) = preSolution
		Debug|Any CPU = Debug|Any CPU
		Release|Any CPU = Release|Any CPU
	EndGlobalSection
	GlobalSection(ProjectConfigurationPlatforms) = postSolution
		{331DF94C-B3DA-467F-A2AB-B088F15863C8}.Debug|Any CPU.ActiveCfg = Debug|Any CPU
		{331DF94C-B3DA-467F-A2AB-B088F15863C8}.Debug|Any CPU.Build.0 = Debug|Any CPU
		{331DF94C-B3DA-467F-A2AB-B088F15863C8}.Release|Any CPU.ActiveCfg = Release|Any CPU
		{331DF94C-B3DA-467F-A2AB-B088F15863C8}.Release|Any CPU.Build.0 = Release|Any CPU
	EndGlobalSection
	GlobalSection(SolutionProperties) = preSolution
		HideSolutionNode = FALSE
	EndGlobalSection
	GlobalSection(ExtensibilityGlobals) = postSolution
		SolutionGuid = {899EC7B3-87DB-4F42-B3EB-CF296E6AB50A}
	EndGlobalSection
EndGlobal
